
Microsoft Visual Studio Solution File, Format Version 12.00
# Visual Studio Version 17
VisualStudioVersion = 17.14.36121.58 d17.14
MinimumVisualStudioVersion = 10.0.40219.1
Project("{FAE04EC0-301F-11D3-BF4B-00C04F79EFBC}") = "InvestmentSimulator", "InvestmentSimulator\InvestmentSimulator.csproj", "{20AFB523-8362-4E17-8C4F-EE9D3F31EB92}"
EndProject
Project("{FAE04EC0-301F-11D3-BF4B-00C04F79EFBC}") = "InvestmentSimulator.Infrastructure", "InvestmentSimulator.Infrastructure\InvestmentSimulator.Infrastructure.csproj", "{308D87B6-0663-4B78-AEE0-0452DCD65A8E}"
EndProject
Project("{FAE04EC0-301F-11D3-BF4B-00C04F79EFBC}") = "InvestmentSimulator.CrossCutting", "InvestmentSimulator.CrossCutting\InvestmentSimulator.CrossCutting.csproj", "{F2BA17CB-E940-4EAC-8399-9A47C31E27E2}"
EndProject
Project("{FAE04EC0-301F-11D3-BF4B-00C04F79EFBC}") = "InvestmentSimulator.Application", "InvestmentSimulator.Application\InvestmentSimulator.Application.csproj", "{46E29D88-11D7-40B1-8AAA-34932F29A564}"
EndProject
Project("{FAE04EC0-301F-11D3-BF4B-00C04F79EFBC}") = "InvestmentSimulator.Domain", "InvestmentSimulator.Domain\InvestmentSimulator.Domain.csproj", "{28C92D08-684A-4571-B5CC-C0BDF5EBC441}"
EndProject
Project("{2150E333-8FDC-42A3-9474-1A3956D46DE8}") = "Tests", "Tests", "{02EA681E-C7D8-13C7-8484-4AC65E1B71E8}"
EndProject
Project("{FAE04EC0-301F-11D3-BF4B-00C04F79EFBC}") = "InvestmentSimulator.UnitTests", "InvestmentSimulator.UnitTests\InvestmentSimulator.UnitTests.csproj", "{1FFC16CD-E087-48EB-AAB1-5C7DB27CDB24}"
EndProject
Global
	GlobalSection(SolutionConfigurationPlatforms) = preSolution
		Debug|Any CPU = Debug|Any CPU
		Release|Any CPU = Release|Any CPU
	EndGlobalSection
	GlobalSection(ProjectConfigurationPlatforms) = postSolution
		{20AFB523-8362-4E17-8C4F-EE9D3F31EB92}.Debug|Any CPU.ActiveCfg = Debug|Any CPU
		{20AFB523-8362-4E17-8C4F-EE9D3F31EB92}.Debug|Any CPU.Build.0 = Debug|Any CPU
		{20AFB523-8362-4E17-8C4F-EE9D3F31EB92}.Release|Any CPU.ActiveCfg = Release|Any CPU
		{20AFB523-8362-4E17-8C4F-EE9D3F31EB92}.Release|Any CPU.Build.0 = Release|Any CPU
		{308D87B6-0663-4B78-AEE0-0452DCD65A8E}.Debug|Any CPU.ActiveCfg = Debug|Any CPU
		{308D87B6-0663-4B78-AEE0-0452DCD65A8E}.Debug|Any CPU.Build.0 = Debug|Any CPU
		{308D87B6-0663-4B78-AEE0-0452DCD65A8E}.Release|Any CPU.ActiveCfg = Release|Any CPU
		{308D87B6-0663-4B78-AEE0-0452DCD65A8E}.Release|Any CPU.Build.0 = Release|Any CPU
		{F2BA17CB-E940-4EAC-8399-9A47C31E27E2}.Debug|Any CPU.ActiveCfg = Debug|Any CPU
		{F2BA17CB-E940-4EAC-8399-9A47C31E27E2}.Debug|Any CPU.Build.0 = Debug|Any CPU
		{F2BA17CB-E940-4EAC-8399-9A47C31E27E2}.Release|Any CPU.ActiveCfg = Release|Any CPU
		{F2BA17CB-E940-4EAC-8399-9A47C31E27E2}.Release|Any CPU.Build.0 = Release|Any CPU
		{46E29D88-11D7-40B1-8AAA-34932F29A564}.Debug|Any CPU.ActiveCfg = Debug|Any CPU
		{46E29D88-11D7-40B1-8AAA-34932F29A564}.Debug|Any CPU.Build.0 = Debug|Any CPU
		{46E29D88-11D7-40B1-8AAA-34932F29A564}.Release|Any CPU.ActiveCfg = Release|Any CPU
		{46E29D88-11D7-40B1-8AAA-34932F29A564}.Release|Any CPU.Build.0 = Release|Any CPU
		{28C92D08-684A-4571-B5CC-C0BDF5EBC441}.Debug|Any CPU.ActiveCfg = Debug|Any CPU
		{28C92D08-684A-4571-B5CC-C0BDF5EBC441}.Debug|Any CPU.Build.0 = Debug|Any CPU
		{28C92D08-684A-4571-B5CC-C0BDF5EBC441}.Release|Any CPU.ActiveCfg = Release|Any CPU
		{28C92D08-684A-4571-B5CC-C0BDF5EBC441}.Release|Any CPU.Build.0 = Release|Any CPU
		{1FFC16CD-E087-48EB-AAB1-5C7DB27CDB24}.Debug|Any CPU.ActiveCfg = Debug|Any CPU
		{1FFC16CD-E087-48EB-AAB1-5C7DB27CDB24}.Debug|Any CPU.Build.0 = Debug|Any CPU
		{1FFC16CD-E087-48EB-AAB1-5C7DB27CDB24}.Release|Any CPU.ActiveCfg = Release|Any CPU
		{1FFC16CD-E087-48EB-AAB1-5C7DB27CDB24}.Release|Any CPU.Build.0 = Release|Any CPU
	EndGlobalSection
	GlobalSection(SolutionProperties) = preSolution
		HideSolutionNode = FALSE
	EndGlobalSection
	GlobalSection(NestedProjects) = preSolution
		{1FFC16CD-E087-48EB-AAB1-5C7DB27CDB24} = {02EA681E-C7D8-13C7-8484-4AC65E1B71E8}
	EndGlobalSection
	GlobalSection(ExtensibilityGlobals) = postSolution
		SolutionGuid = {3A32D5DC-9D21-4522-85D4-A4DC290700C0}
	EndGlobalSection
EndGlobal
